
Microsoft Visual Studio Solution File, Format Version 12.00
# Visual Studio Version 17
VisualStudioVersion = 17.0.32112.339
MinimumVisualStudioVersion = 10.0.40219.1
Project("{9A19103F-16F7-4668-BE54-9A1E7A4F7556}") = "UDeal", "UDeal.csproj", "{D9BF54E4-FF5A-4E4E-9F0E-BF14A5DAA0B4}"
EndProject
Global
	GlobalSection(SolutionConfigurationPlatforms) = preSolution
		Debug|Any CPU = Debug|Any CPU
		Release|Any CPU = Release|Any CPU
	EndGlobalSection
	GlobalSection(ProjectConfigurationPlatforms) = postSolution
		{D9BF54E4-FF5A-4E4E-9F0E-BF14A5DAA0B4}.Debug|Any CPU.ActiveCfg = Debug|Any CPU
		{D9BF54E4-FF5A-4E4E-9F0E-BF14A5DAA0B4}.Debug|Any CPU.Build.0 = Debug|Any CPU
		{D9BF54E4-FF5A-4E4E-9F0E-BF14A5DAA0B4}.Release|Any CPU.ActiveCfg = Release|Any CPU
		{D9BF54E4-FF5A-4E4E-9F0E-BF14A5DAA0B4}.Release|Any CPU.Build.0 = Release|Any CPU
	EndGlobalSection
	GlobalSection(SolutionProperties) = preSolution
		HideSolutionNode = FALSE
	EndGlobalSection
	GlobalSection(ExtensibilityGlobals) = postSolution
		SolutionGuid = {432CC82B-48FC-4CA4-98B8-0DAE0BFC80BC}
	EndGlobalSection
EndGlobal
